// !$*UTF8*$!
{
	archiveVersion = 1;
	classes = {
	};
	objectVersion = 46;
	objects = {

/* Begin PBXBuildFile section */
		C75E380819FD5E6A005A7225 /* AppDelegate.swift in Sources */ = {isa = PBXBuildFile; fileRef = C75E380719FD5E6A005A7225 /* AppDelegate.swift */; };
		C75E380A19FD5E6A005A7225 /* ViewController.swift in Sources */ = {isa = PBXBuildFile; fileRef = C75E380919FD5E6A005A7225 /* ViewController.swift */; };
		C75E380D19FD5E6A005A7225 /* Main.storyboard in Resources */ = {isa = PBXBuildFile; fileRef = C75E380B19FD5E6A005A7225 /* Main.storyboard */; };
		C75E380F19FD5E6A005A7225 /* Images.xcassets in Resources */ = {isa = PBXBuildFile; fileRef = C75E380E19FD5E6A005A7225 /* Images.xcassets */; };
		C75E381219FD5E6A005A7225 /* LaunchScreen.xib in Resources */ = {isa = PBXBuildFile; fileRef = C75E381019FD5E6A005A7225 /* LaunchScreen.xib */; };
		C75E381E19FD5E6A005A7225 /* GiftRegTests.swift in Sources */ = {isa = PBXBuildFile; fileRef = C75E381D19FD5E6A005A7225 /* GiftRegTests.swift */; };
		C7BE582F19FDAC96001155E8 /* gifts1.jpg in Resources */ = {isa = PBXBuildFile; fileRef = C7BE582E19FDAC96001155E8 /* gifts1.jpg */; };
		C7BE583119FDAE6F001155E8 /* LoginViewController.swift in Sources */ = {isa = PBXBuildFile; fileRef = C7BE583019FDAE6F001155E8 /* LoginViewController.swift */; };
		C7BE583319FDB020001155E8 /* Authentication.swift in Sources */ = {isa = PBXBuildFile; fileRef = C7BE583219FDB020001155E8 /* Authentication.swift */; };
		C7BE583519FDBD19001155E8 /* MainViewController.swift in Sources */ = {isa = PBXBuildFile; fileRef = C7BE583419FDBD19001155E8 /* MainViewController.swift */; };
/* End PBXBuildFile section */

/* Begin PBXContainerItemProxy section */
		C75E381819FD5E6A005A7225 /* PBXContainerItemProxy */ = {
			isa = PBXContainerItemProxy;
			containerPortal = C75E37FA19FD5E6A005A7225 /* Project object */;
			proxyType = 1;
			remoteGlobalIDString = C75E380119FD5E6A005A7225;
			remoteInfo = GiftReg;
		};
/* End PBXContainerItemProxy section */

/* Begin PBXFileReference section */
		C75E380219FD5E6A005A7225 /* GiftReg.app */ = {isa = PBXFileReference; explicitFileType = wrapper.application; includeInIndex = 0; path = GiftReg.app; sourceTree = BUILT_PRODUCTS_DIR; };
		C75E380619FD5E6A005A7225 /* Info.plist */ = {isa = PBXFileReference; lastKnownFileType = text.plist.xml; path = Info.plist; sourceTree = "<group>"; };
		C75E380719FD5E6A005A7225 /* AppDelegate.swift */ = {isa = PBXFileReference; lastKnownFileType = sourcecode.swift; path = AppDelegate.swift; sourceTree = "<group>"; };
		C75E380919FD5E6A005A7225 /* ViewController.swift */ = {isa = PBXFileReference; lastKnownFileType = sourcecode.swift; path = ViewController.swift; sourceTree = "<group>"; };
		C75E380C19FD5E6A005A7225 /* Base */ = {isa = PBXFileReference; lastKnownFileType = file.storyboard; name = Base; path = Base.lproj/Main.storyboard; sourceTree = "<group>"; };
		C75E380E19FD5E6A005A7225 /* Images.xcassets */ = {isa = PBXFileReference; lastKnownFileType = folder.assetcatalog; path = Images.xcassets; sourceTree = "<group>"; };
		C75E381119FD5E6A005A7225 /* Base */ = {isa = PBXFileReference; lastKnownFileType = file.xib; name = Base; path = Base.lproj/LaunchScreen.xib; sourceTree = "<group>"; };
		C75E381719FD5E6A005A7225 /* GiftRegTests.xctest */ = {isa = PBXFileReference; explicitFileType = wrapper.cfbundle; includeInIndex = 0; path = GiftRegTests.xctest; sourceTree = BUILT_PRODUCTS_DIR; };
		C75E381C19FD5E6A005A7225 /* Info.plist */ = {isa = PBXFileReference; lastKnownFileType = text.plist.xml; path = Info.plist; sourceTree = "<group>"; };
		C75E381D19FD5E6A005A7225 /* GiftRegTests.swift */ = {isa = PBXFileReference; lastKnownFileType = sourcecode.swift; path = GiftRegTests.swift; sourceTree = "<group>"; };
		C7BE582E19FDAC96001155E8 /* gifts1.jpg */ = {isa = PBXFileReference; lastKnownFileType = image.jpeg; path = gifts1.jpg; sourceTree = "<group>"; };
		C7BE583019FDAE6F001155E8 /* LoginViewController.swift */ = {isa = PBXFileReference; fileEncoding = 4; lastKnownFileType = sourcecode.swift; path = LoginViewController.swift; sourceTree = "<group>"; };
		C7BE583219FDB020001155E8 /* Authentication.swift */ = {isa = PBXFileReference; fileEncoding = 4; lastKnownFileType = sourcecode.swift; path = Authentication.swift; sourceTree = "<group>"; };
		C7BE583419FDBD19001155E8 /* MainViewController.swift */ = {isa = PBXFileReference; fileEncoding = 4; lastKnownFileType = sourcecode.swift; path = MainViewController.swift; sourceTree = "<group>"; };
/* End PBXFileReference section */

/* Begin PBXFrameworksBuildPhase section */
		C75E37FF19FD5E6A005A7225 /* Frameworks */ = {
			isa = PBXFrameworksBuildPhase;
			buildActionMask = 2147483647;
			files = (
			);
			runOnlyForDeploymentPostprocessing = 0;
		};
		C75E381419FD5E6A005A7225 /* Frameworks */ = {
			isa = PBXFrameworksBuildPhase;
			buildActionMask = 2147483647;
			files = (
			);
			runOnlyForDeploymentPostprocessing = 0;
		};
/* End PBXFrameworksBuildPhase section */

/* Begin PBXGroup section */
		C75E37F919FD5E6A005A7225 = {
			isa = PBXGroup;
			children = (
				C75E380419FD5E6A005A7225 /* GiftReg */,
				C75E381A19FD5E6A005A7225 /* GiftRegTests */,
				C75E380319FD5E6A005A7225 /* Products */,
			);
			sourceTree = "<group>";
		};
		C75E380319FD5E6A005A7225 /* Products */ = {
			isa = PBXGroup;
			children = (
				C75E380219FD5E6A005A7225 /* GiftReg.app */,
				C75E381719FD5E6A005A7225 /* GiftRegTests.xctest */,
			);
			name = Products;
			sourceTree = "<group>";
		};
		C75E380419FD5E6A005A7225 /* GiftReg */ = {
			isa = PBXGroup;
			children = (
				C7BE583219FDB020001155E8 /* Authentication.swift */,
				C75E380719FD5E6A005A7225 /* AppDelegate.swift */,
				C75E380919FD5E6A005A7225 /* ViewController.swift */,
				C7BE583019FDAE6F001155E8 /* LoginViewController.swift */,
				C7BE583419FDBD19001155E8 /* MainViewController.swift */,
				C75E380B19FD5E6A005A7225 /* Main.storyboard */,
				C75E380E19FD5E6A005A7225 /* Images.xcassets */,
				C75E381019FD5E6A005A7225 /* LaunchScreen.xib */,
				C75E380519FD5E6A005A7225 /* Supporting Files */,
			);
			path = GiftReg;
			sourceTree = "<group>";
		};
		C75E380519FD5E6A005A7225 /* Supporting Files */ = {
			isa = PBXGroup;
			children = (
				C7BE582E19FDAC96001155E8 /* gifts1.jpg */,
				C75E380619FD5E6A005A7225 /* Info.plist */,
			);
			name = "Supporting Files";
			sourceTree = "<group>";
		};
		C75E381A19FD5E6A005A7225 /* GiftRegTests */ = {
			isa = PBXGroup;
			children = (
				C75E381D19FD5E6A005A7225 /* GiftRegTests.swift */,
				C75E381B19FD5E6A005A7225 /* Supporting Files */,
			);
			path = GiftRegTests;
			sourceTree = "<group>";
		};
		C75E381B19FD5E6A005A7225 /* Supporting Files */ = {
			isa = PBXGroup;
			children = (
				C75E381C19FD5E6A005A7225 /* Info.plist */,
			);
			name = "Supporting Files";
			sourceTree = "<group>";
		};
/* End PBXGroup section */

/* Begin PBXNativeTarget section */
		C75E380119FD5E6A005A7225 /* GiftReg */ = {
			isa = PBXNativeTarget;
			buildConfigurationList = C75E382119FD5E6A005A7225 /* Build configuration list for PBXNativeTarget "GiftReg" */;
			buildPhases = (
				C75E37FE19FD5E6A005A7225 /* Sources */,
				C75E37FF19FD5E6A005A7225 /* Frameworks */,
				C75E380019FD5E6A005A7225 /* Resources */,
			);
			buildRules = (
			);
			dependencies = (
			);
			name = GiftReg;
			productName = GiftReg;
			productReference = C75E380219FD5E6A005A7225 /* GiftReg.app */;
			productType = "com.apple.product-type.application";
		};
		C75E381619FD5E6A005A7225 /* GiftRegTests */ = {
			isa = PBXNativeTarget;
			buildConfigurationList = C75E382419FD5E6A005A7225 /* Build configuration list for PBXNativeTarget "GiftRegTests" */;
			buildPhases = (
				C75E381319FD5E6A005A7225 /* Sources */,
				C75E381419FD5E6A005A7225 /* Frameworks */,
				C75E381519FD5E6A005A7225 /* Resources */,
			);
			buildRules = (
			);
			dependencies = (
				C75E381919FD5E6A005A7225 /* PBXTargetDependency */,
			);
			name = GiftRegTests;
			productName = GiftRegTests;
			productReference = C75E381719FD5E6A005A7225 /* GiftRegTests.xctest */;
			productType = "com.apple.product-type.bundle.unit-test";
		};
/* End PBXNativeTarget section */

/* Begin PBXProject section */
		C75E37FA19FD5E6A005A7225 /* Project object */ = {
			isa = PBXProject;
			attributes = {
				LastUpgradeCheck = 0610;
				ORGANIZATIONNAME = "Brandon Knitter";
				TargetAttributes = {
					C75E380119FD5E6A005A7225 = {
						CreatedOnToolsVersion = 6.1;
					};
					C75E381619FD5E6A005A7225 = {
						CreatedOnToolsVersion = 6.1;
						TestTargetID = C75E380119FD5E6A005A7225;
					};
				};
			};
			buildConfigurationList = C75E37FD19FD5E6A005A7225 /* Build configuration list for PBXProject "GiftReg" */;
			compatibilityVersion = "Xcode 3.2";
			developmentRegion = English;
			hasScannedForEncodings = 0;
			knownRegions = (
				en,
				Base,
			);
			mainGroup = C75E37F919FD5E6A005A7225;
			productRefGroup = C75E380319FD5E6A005A7225 /* Products */;
			projectDirPath = "";
			projectRoot = "";
			targets = (
				C75E380119FD5E6A005A7225 /* GiftReg */,
				C75E381619FD5E6A005A7225 /* GiftRegTests */,
			);
		};
/* End PBXProject section */

/* Begin PBXResourcesBuildPhase section */
		C75E380019FD5E6A005A7225 /* Resources */ = {
			isa = PBXResourcesBuildPhase;
			buildActionMask = 2147483647;
			files = (
				C75E380D19FD5E6A005A7225 /* Main.storyboard in Resources */,
				C75E381219FD5E6A005A7225 /* LaunchScreen.xib in Resources */,
				C75E380F19FD5E6A005A7225 /* Images.xcassets in Resources */,
				C7BE582F19FDAC96001155E8 /* gifts1.jpg in Resources */,
			);
			runOnlyForDeploymentPostprocessing = 0;
		};
		C75E381519FD5E6A005A7225 /* Resources */ = {
			isa = PBXResourcesBuildPhase;
			buildActionMask = 2147483647;
			files = (
			);
			runOnlyForDeploymentPostprocessing = 0;
		};
/* End PBXResourcesBuildPhase section */

/* Begin PBXSourcesBuildPhase section */
		C75E37FE19FD5E6A005A7225 /* Sources */ = {
			isa = PBXSourcesBuildPhase;
			buildActionMask = 2147483647;
			files = (
				C7BE583119FDAE6F001155E8 /* LoginViewController.swift in Sources */,
				C75E380A19FD5E6A005A7225 /* ViewController.swift in Sources */,
				C75E380819FD5E6A005A7225 /* AppDelegate.swift in Sources */,
				C7BE583319FDB020001155E8 /* Authentication.swift in Sources */,
				C7BE583519FDBD19001155E8 /* MainViewController.swift in Sources */,
			);
			runOnlyForDeploymentPostprocessing = 0;
		};
		C75E381319FD5E6A005A7225 /* Sources */ = {
			isa = PBXSourcesBuildPhase;
			buildActionMask = 2147483647;
			files = (
				C75E381E19FD5E6A005A7225 /* GiftRegTests.swift in Sources */,
			);
			runOnlyForDeploymentPostprocessing = 0;
		};
/* End PBXSourcesBuildPhase section */

/* Begin PBXTargetDependency section */
		C75E381919FD5E6A005A7225 /* PBXTargetDependency */ = {
			isa = PBXTargetDependency;
			target = C75E380119FD5E6A005A7225 /* GiftReg */;
			targetProxy = C75E381819FD5E6A005A7225 /* PBXContainerItemProxy */;
		};
/* End PBXTargetDependency section */

/* Begin PBXVariantGroup section */
		C75E380B19FD5E6A005A7225 /* Main.storyboard */ = {
			isa = PBXVariantGroup;
			children = (
				C75E380C19FD5E6A005A7225 /* Base */,
			);
			name = Main.storyboard;
			sourceTree = "<group>";
		};
		C75E381019FD5E6A005A7225 /* LaunchScreen.xib */ = {
			isa = PBXVariantGroup;
			children = (
				C75E381119FD5E6A005A7225 /* Base */,
			);
			name = LaunchScreen.xib;
			sourceTree = "<group>";
		};
/* End PBXVariantGroup section */

/* Begin XCBuildConfiguration section */
		C75E381F19FD5E6A005A7225 /* Debug */ = {
			isa = XCBuildConfiguration;
			buildSettings = {
				ALWAYS_SEARCH_USER_PATHS = NO;
				CLANG_CXX_LANGUAGE_STANDARD = "gnu++0x";
				CLANG_CXX_LIBRARY = "libc++";
				CLANG_ENABLE_MODULES = YES;
				CLANG_ENABLE_OBJC_ARC = YES;
				CLANG_WARN_BOOL_CONVERSION = YES;
				CLANG_WARN_CONSTANT_CONVERSION = YES;
				CLANG_WARN_DIRECT_OBJC_ISA_USAGE = YES_ERROR;
				CLANG_WARN_EMPTY_BODY = YES;
				CLANG_WARN_ENUM_CONVERSION = YES;
				CLANG_WARN_INT_CONVERSION = YES;
				CLANG_WARN_OBJC_ROOT_CLASS = YES_ERROR;
				CLANG_WARN_UNREACHABLE_CODE = YES;
				CLANG_WARN__DUPLICATE_METHOD_MATCH = YES;
				"CODE_SIGN_IDENTITY[sdk=iphoneos*]" = "iPhone Developer";
				COPY_PHASE_STRIP = NO;
				ENABLE_STRICT_OBJC_MSGSEND = YES;
				GCC_C_LANGUAGE_STANDARD = gnu99;
				GCC_DYNAMIC_NO_PIC = NO;
				GCC_OPTIMIZATION_LEVEL = 0;
				GCC_PREPROCESSOR_DEFINITIONS = (
					"DEBUG=1",
					"$(inherited)",
				);
				GCC_SYMBOLS_PRIVATE_EXTERN = NO;
				GCC_WARN_64_TO_32_BIT_CONVERSION = YES;
				GCC_WARN_ABOUT_RETURN_TYPE = YES_ERROR;
				GCC_WARN_UNDECLARED_SELECTOR = YES;
				GCC_WARN_UNINITIALIZED_AUTOS = YES_AGGRESSIVE;
				GCC_WARN_UNUSED_FUNCTION = YES;
				GCC_WARN_UNUSED_VARIABLE = YES;
				IPHONEOS_DEPLOYMENT_TARGET = 8.1;
				MTL_ENABLE_DEBUG_INFO = YES;
				ONLY_ACTIVE_ARCH = YES;
				SDKROOT = iphoneos;
				SWIFT_OPTIMIZATION_LEVEL = "-Onone";
				TARGETED_DEVICE_FAMILY = "1,2";
			};
			name = Debug;
		};
		C75E382019FD5E6A005A7225 /* Release */ = {
			isa = XCBuildConfiguration;
			buildSettings = {
				ALWAYS_SEARCH_USER_PATHS = NO;
				CLANG_CXX_LANGUAGE_STANDARD = "gnu++0x";
				CLANG_CXX_LIBRARY = "libc++";
				CLANG_ENABLE_MODULES = YES;
				CLANG_ENABLE_OBJC_ARC = YES;
				CLANG_WARN_BOOL_CONVERSION = YES;
				CLANG_WARN_CONSTANT_CONVERSION = YES;
				CLANG_WARN_DIRECT_OBJC_ISA_USAGE = YES_ERROR;
				CLANG_WARN_EMPTY_BODY = YES;
				CLANG_WARN_ENUM_CONVERSION = YES;
				CLANG_WARN_INT_CONVERSION = YES;
				CLANG_WARN_OBJC_ROOT_CLASS = YES_ERROR;
				CLANG_WARN_UNREACHABLE_CODE = YES;
				CLANG_WARN__DUPLICATE_METHOD_MATCH = YES;
				"CODE_SIGN_IDENTITY[sdk=iphoneos*]" = "iPhone Developer";
				COPY_PHASE_STRIP = YES;
				ENABLE_NS_ASSERTIONS = NO;
				ENABLE_STRICT_OBJC_MSGSEND = YES;
				GCC_C_LANGUAGE_STANDARD = gnu99;
				GCC_WARN_64_TO_32_BIT_CONVERSION = YES;
				GCC_WARN_ABOUT_RETURN_TYPE = YES_ERROR;
				GCC_WARN_UNDECLARED_SELECTOR = YES;
				GCC_WARN_UNINITIALIZED_AUTOS = YES_AGGRESSIVE;
				GCC_WARN_UNUSED_FUNCTION = YES;
				GCC_WARN_UNUSED_VARIABLE = YES;
				IPHONEOS_DEPLOYMENT_TARGET = 8.1;
				MTL_ENABLE_DEBUG_INFO = NO;
				SDKROOT = iphoneos;
				TARGETED_DEVICE_FAMILY = "1,2";
				VALIDATE_PRODUCT = YES;
			};
			name = Release;
		};
		C75E382219FD5E6A005A7225 /* Debug */ = {
			isa = XCBuildConfiguration;
			buildSettings = {
				ASSETCATALOG_COMPILER_APPICON_NAME = AppIcon;
				INFOPLIST_FILE = GiftReg/Info.plist;
				LD_RUNPATH_SEARCH_PATHS = "$(inherited) @executable_path/Frameworks";
				PRODUCT_NAME = "$(TARGET_NAME)";
			};
			name = Debug;
		};
		C75E382319FD5E6A005A7225 /* Release */ = {
			isa = XCBuildConfiguration;
			buildSettings = {
				ASSETCATALOG_COMPILER_APPICON_NAME = AppIcon;
				INFOPLIST_FILE = GiftReg/Info.plist;
				LD_RUNPATH_SEARCH_PATHS = "$(inherited) @executable_path/Frameworks";
				PRODUCT_NAME = "$(TARGET_NAME)";
			};
			name = Release;
		};
		C75E382519FD5E6A005A7225 /* Debug */ = {
			isa = XCBuildConfiguration;
			buildSettings = {
				BUNDLE_LOADER = "$(TEST_HOST)";
				FRAMEWORK_SEARCH_PATHS = (
					"$(SDKROOT)/Developer/Library/Frameworks",
					"$(inherited)",
				);
				GCC_PREPROCESSOR_DEFINITIONS = (
					"DEBUG=1",
					"$(inherited)",
				);
				INFOPLIST_FILE = GiftRegTests/Info.plist;
				LD_RUNPATH_SEARCH_PATHS = "$(inherited) @executable_path/Frameworks @loader_path/Frameworks";
				PRODUCT_NAME = "$(TARGET_NAME)";
				TEST_HOST = "$(BUILT_PRODUCTS_DIR)/GiftReg.app/GiftReg";
			};
			name = Debug;
		};
		C75E382619FD5E6A005A7225 /* Release */ = {
			isa = XCBuildConfiguration;
			buildSettings = {
				BUNDLE_LOADER = "$(TEST_HOST)";
				FRAMEWORK_SEARCH_PATHS = (
					"$(SDKROOT)/Developer/Library/Frameworks",
					"$(inherited)",
				);
				INFOPLIST_FILE = GiftRegTests/Info.plist;
				LD_RUNPATH_SEARCH_PATHS = "$(inherited) @executable_path/Frameworks @loader_path/Frameworks";
				PRODUCT_NAME = "$(TARGET_NAME)";
				TEST_HOST = "$(BUILT_PRODUCTS_DIR)/GiftReg.app/GiftReg";
			};
			name = Release;
		};
/* End XCBuildConfiguration section */

/* Begin XCConfigurationList section */
		C75E37FD19FD5E6A005A7225 /* Build configuration list for PBXProject "GiftReg" */ = {
			isa = XCConfigurationList;
			buildConfigurations = (
				C75E381F19FD5E6A005A7225 /* Debug */,
				C75E382019FD5E6A005A7225 /* Release */,
			);
			defaultConfigurationIsVisible = 0;
			defaultConfigurationName = Release;
		};
		C75E382119FD5E6A005A7225 /* Build configuration list for PBXNativeTarget "GiftReg" */ = {
			isa = XCConfigurationList;
			buildConfigurations = (
				C75E382219FD5E6A005A7225 /* Debug */,
				C75E382319FD5E6A005A7225 /* Release */,
			);
			defaultConfigurationIsVisible = 0;
			defaultConfigurationName = Release;
		};
		C75E382419FD5E6A005A7225 /* Build configuration list for PBXNativeTarget "GiftRegTests" */ = {
			isa = XCConfigurationList;
			buildConfigurations = (
				C75E382519FD5E6A005A7225 /* Debug */,
				C75E382619FD5E6A005A7225 /* Release */,
			);
			defaultConfigurationIsVisible = 0;
			defaultConfigurationName = Release;
		};
/* End XCConfigurationList section */
	};
	rootObject = C75E37FA19FD5E6A005A7225 /* Project object */;
}
